// !$*UTF8*$!
{
	archiveVersion = 1;
	classes = {
	};
	objectVersion = 46;
	objects = {

/* Begin PBXBuildFile section */
		F4ADA0E11C61995900CB7A92 /* AppDelegate.swift in Sources */ = {isa = PBXBuildFile; fileRef = F4ADA0E01C61995900CB7A92 /* AppDelegate.swift */; };
		F4ADA0E31C61995900CB7A92 /* RecordSoundsViewController.swift in Sources */ = {isa = PBXBuildFile; fileRef = F4ADA0E21C61995900CB7A92 /* RecordSoundsViewController.swift */; };
		F4ADA0E81C61995900CB7A92 /* Assets.xcassets in Resources */ = {isa = PBXBuildFile; fileRef = F4ADA0E71C61995900CB7A92 /* Assets.xcassets */; };
		F4ADA0EB1C61995900CB7A92 /* LaunchScreen.storyboard in Resources */ = {isa = PBXBuildFile; fileRef = F4ADA0E91C61995900CB7A92 /* LaunchScreen.storyboard */; };
		F4ADA0F61C61995900CB7A92 /* Pitch_PerfectTests.swift in Sources */ = {isa = PBXBuildFile; fileRef = F4ADA0F51C61995900CB7A92 /* Pitch_PerfectTests.swift */; };
		F4ADA1011C61995900CB7A92 /* Pitch_PerfectUITests.swift in Sources */ = {isa = PBXBuildFile; fileRef = F4ADA1001C61995900CB7A92 /* Pitch_PerfectUITests.swift */; };
		F4ADA1111C61A44E00CB7A92 /* PlaySoundsViewController.swift in Sources */ = {isa = PBXBuildFile; fileRef = F4ADA1101C61A44E00CB7A92 /* PlaySoundsViewController.swift */; };
		F4C34D2E1C6D63D6001E0FDE /* UIExtensions.swift in Sources */ = {isa = PBXBuildFile; fileRef = F4C34D2D1C6D63D6001E0FDE /* UIExtensions.swift */; };
		F4CD3B991C61CAF2002FE0D0 /* Main.storyboard in Resources */ = {isa = PBXBuildFile; fileRef = F4CD3B971C61CAF2002FE0D0 /* Main.storyboard */; };
		F4CD3B9B1C61D19D002FE0D0 /* RecordedAudio.swift in Sources */ = {isa = PBXBuildFile; fileRef = F4CD3B9A1C61D19D002FE0D0 /* RecordedAudio.swift */; };
/* End PBXBuildFile section */

/* Begin PBXContainerItemProxy section */
		F4ADA0F21C61995900CB7A92 /* PBXContainerItemProxy */ = {
			isa = PBXContainerItemProxy;
			containerPortal = F4ADA0D51C61995900CB7A92 /* Project object */;
			proxyType = 1;
			remoteGlobalIDString = F4ADA0DC1C61995900CB7A92;
			remoteInfo = "Pitch Perfect";
		};
		F4ADA0FD1C61995900CB7A92 /* PBXContainerItemProxy */ = {
			isa = PBXContainerItemProxy;
			containerPortal = F4ADA0D51C61995900CB7A92 /* Project object */;
			proxyType = 1;
			remoteGlobalIDString = F4ADA0DC1C61995900CB7A92;
			remoteInfo = "Pitch Perfect";
		};
/* End PBXContainerItemProxy section */

/* Begin PBXFileReference section */
		F4ADA0DD1C61995900CB7A92 /* Pitch Perfect.app */ = {isa = PBXFileReference; explicitFileType = wrapper.application; includeInIndex = 0; path = "Pitch Perfect.app"; sourceTree = BUILT_PRODUCTS_DIR; };
		F4ADA0E01C61995900CB7A92 /* AppDelegate.swift */ = {isa = PBXFileReference; lastKnownFileType = sourcecode.swift; path = AppDelegate.swift; sourceTree = "<group>"; };
		F4ADA0E21C61995900CB7A92 /* RecordSoundsViewController.swift */ = {isa = PBXFileReference; lastKnownFileType = sourcecode.swift; path = RecordSoundsViewController.swift; sourceTree = "<group>"; };
		F4ADA0E71C61995900CB7A92 /* Assets.xcassets */ = {isa = PBXFileReference; lastKnownFileType = folder.assetcatalog; path = Assets.xcassets; sourceTree = "<group>"; };
		F4ADA0EA1C61995900CB7A92 /* Base */ = {isa = PBXFileReference; lastKnownFileType = file.storyboard; name = Base; path = Base.lproj/LaunchScreen.storyboard; sourceTree = "<group>"; };
		F4ADA0EC1C61995900CB7A92 /* Info.plist */ = {isa = PBXFileReference; lastKnownFileType = text.plist.xml; path = Info.plist; sourceTree = "<group>"; };
		F4ADA0F11C61995900CB7A92 /* Pitch PerfectTests.xctest */ = {isa = PBXFileReference; explicitFileType = wrapper.cfbundle; includeInIndex = 0; path = "Pitch PerfectTests.xctest"; sourceTree = BUILT_PRODUCTS_DIR; };
		F4ADA0F51C61995900CB7A92 /* Pitch_PerfectTests.swift */ = {isa = PBXFileReference; lastKnownFileType = sourcecode.swift; path = Pitch_PerfectTests.swift; sourceTree = "<group>"; };
		F4ADA0F71C61995900CB7A92 /* Info.plist */ = {isa = PBXFileReference; lastKnownFileType = text.plist.xml; path = Info.plist; sourceTree = "<group>"; };
		F4ADA0FC1C61995900CB7A92 /* Pitch PerfectUITests.xctest */ = {isa = PBXFileReference; explicitFileType = wrapper.cfbundle; includeInIndex = 0; path = "Pitch PerfectUITests.xctest"; sourceTree = BUILT_PRODUCTS_DIR; };
		F4ADA1001C61995900CB7A92 /* Pitch_PerfectUITests.swift */ = {isa = PBXFileReference; lastKnownFileType = sourcecode.swift; path = Pitch_PerfectUITests.swift; sourceTree = "<group>"; };
		F4ADA1021C61995900CB7A92 /* Info.plist */ = {isa = PBXFileReference; lastKnownFileType = text.plist.xml; path = Info.plist; sourceTree = "<group>"; };
		F4ADA1101C61A44E00CB7A92 /* PlaySoundsViewController.swift */ = {isa = PBXFileReference; fileEncoding = 4; lastKnownFileType = sourcecode.swift; path = PlaySoundsViewController.swift; sourceTree = "<group>"; };
		F4C34D2D1C6D63D6001E0FDE /* UIExtensions.swift */ = {isa = PBXFileReference; fileEncoding = 4; lastKnownFileType = sourcecode.swift; name = UIExtensions.swift; path = ../UIExtensions.swift; sourceTree = "<group>"; };
		F4CD3B981C61CAF2002FE0D0 /* Base */ = {isa = PBXFileReference; lastKnownFileType = file.storyboard; name = Base; path = "Pitch Perfect/Base.lproj/Main.storyboard"; sourceTree = "<group>"; };
		F4CD3B9A1C61D19D002FE0D0 /* RecordedAudio.swift */ = {isa = PBXFileReference; fileEncoding = 4; lastKnownFileType = sourcecode.swift; path = RecordedAudio.swift; sourceTree = "<group>"; };
/* End PBXFileReference section */

/* Begin PBXFrameworksBuildPhase section */
		F4ADA0DA1C61995900CB7A92 /* Frameworks */ = {
			isa = PBXFrameworksBuildPhase;
			buildActionMask = 2147483647;
			files = (
			);
			runOnlyForDeploymentPostprocessing = 0;
		};
		F4ADA0EE1C61995900CB7A92 /* Frameworks */ = {
			isa = PBXFrameworksBuildPhase;
			buildActionMask = 2147483647;
			files = (
			);
			runOnlyForDeploymentPostprocessing = 0;
		};
		F4ADA0F91C61995900CB7A92 /* Frameworks */ = {
			isa = PBXFrameworksBuildPhase;
			buildActionMask = 2147483647;
			files = (
			);
			runOnlyForDeploymentPostprocessing = 0;
		};
/* End PBXFrameworksBuildPhase section */

/* Begin PBXGroup section */
		F4ADA0D41C61995900CB7A92 = {
			isa = PBXGroup;
			children = (
				F4ADA0DF1C61995900CB7A92 /* Pitch Perfect */,
				F4ADA0F41C61995900CB7A92 /* Pitch PerfectTests */,
				F4ADA0FF1C61995900CB7A92 /* Pitch PerfectUITests */,
				F4ADA0DE1C61995900CB7A92 /* Products */,
			);
			sourceTree = "<group>";
		};
		F4ADA0DE1C61995900CB7A92 /* Products */ = {
			isa = PBXGroup;
			children = (
				F4ADA0DD1C61995900CB7A92 /* Pitch Perfect.app */,
				F4ADA0F11C61995900CB7A92 /* Pitch PerfectTests.xctest */,
				F4ADA0FC1C61995900CB7A92 /* Pitch PerfectUITests.xctest */,
			);
			name = Products;
			sourceTree = "<group>";
		};
		F4ADA0DF1C61995900CB7A92 /* Pitch Perfect */ = {
			isa = PBXGroup;
			children = (
				F4CD3B971C61CAF2002FE0D0 /* Main.storyboard */,
				F4C34D2D1C6D63D6001E0FDE /* UIExtensions.swift */,
				F4ADA0E01C61995900CB7A92 /* AppDelegate.swift */,
				F4ADA0E21C61995900CB7A92 /* RecordSoundsViewController.swift */,
				F4CD3B9A1C61D19D002FE0D0 /* RecordedAudio.swift */,
				F4ADA1101C61A44E00CB7A92 /* PlaySoundsViewController.swift */,
				F4ADA0E71C61995900CB7A92 /* Assets.xcassets */,
				F4ADA0E91C61995900CB7A92 /* LaunchScreen.storyboard */,
				F4ADA0EC1C61995900CB7A92 /* Info.plist */,
			);
			path = "Pitch Perfect";
			sourceTree = "<group>";
		};
		F4ADA0F41C61995900CB7A92 /* Pitch PerfectTests */ = {
			isa = PBXGroup;
			children = (
				F4ADA0F51C61995900CB7A92 /* Pitch_PerfectTests.swift */,
				F4ADA0F71C61995900CB7A92 /* Info.plist */,
			);
			path = "Pitch PerfectTests";
			sourceTree = "<group>";
		};
		F4ADA0FF1C61995900CB7A92 /* Pitch PerfectUITests */ = {
			isa = PBXGroup;
			children = (
				F4ADA1001C61995900CB7A92 /* Pitch_PerfectUITests.swift */,
				F4ADA1021C61995900CB7A92 /* Info.plist */,
			);
			path = "Pitch PerfectUITests";
			sourceTree = "<group>";
		};
/* End PBXGroup section */

/* Begin PBXNativeTarget section */
		F4ADA0DC1C61995900CB7A92 /* Pitch Perfect */ = {
			isa = PBXNativeTarget;
			buildConfigurationList = F4ADA1051C61995900CB7A92 /* Build configuration list for PBXNativeTarget "Pitch Perfect" */;
			buildPhases = (
				F4ADA0D91C61995900CB7A92 /* Sources */,
				F4ADA0DA1C61995900CB7A92 /* Frameworks */,
				F4ADA0DB1C61995900CB7A92 /* Resources */,
			);
			buildRules = (
			);
			dependencies = (
			);
			name = "Pitch Perfect";
			productName = "Pitch Perfect";
			productReference = F4ADA0DD1C61995900CB7A92 /* Pitch Perfect.app */;
			productType = "com.apple.product-type.application";
		};
		F4ADA0F01C61995900CB7A92 /* Pitch PerfectTests */ = {
			isa = PBXNativeTarget;
			buildConfigurationList = F4ADA1081C61995900CB7A92 /* Build configuration list for PBXNativeTarget "Pitch PerfectTests" */;
			buildPhases = (
				F4ADA0ED1C61995900CB7A92 /* Sources */,
				F4ADA0EE1C61995900CB7A92 /* Frameworks */,
				F4ADA0EF1C61995900CB7A92 /* Resources */,
			);
			buildRules = (
			);
			dependencies = (
				F4ADA0F31C61995900CB7A92 /* PBXTargetDependency */,
			);
			name = "Pitch PerfectTests";
			productName = "Pitch PerfectTests";
			productReference = F4ADA0F11C61995900CB7A92 /* Pitch PerfectTests.xctest */;
			productType = "com.apple.product-type.bundle.unit-test";
		};
		F4ADA0FB1C61995900CB7A92 /* Pitch PerfectUITests */ = {
			isa = PBXNativeTarget;
			buildConfigurationList = F4ADA10B1C61995900CB7A92 /* Build configuration list for PBXNativeTarget "Pitch PerfectUITests" */;
			buildPhases = (
				F4ADA0F81C61995900CB7A92 /* Sources */,
				F4ADA0F91C61995900CB7A92 /* Frameworks */,
				F4ADA0FA1C61995900CB7A92 /* Resources */,
			);
			buildRules = (
			);
			dependencies = (
				F4ADA0FE1C61995900CB7A92 /* PBXTargetDependency */,
			);
			name = "Pitch PerfectUITests";
			productName = "Pitch PerfectUITests";
			productReference = F4ADA0FC1C61995900CB7A92 /* Pitch PerfectUITests.xctest */;
			productType = "com.apple.product-type.bundle.ui-testing";
		};
/* End PBXNativeTarget section */

/* Begin PBXProject section */
		F4ADA0D51C61995900CB7A92 /* Project object */ = {
			isa = PBXProject;
			attributes = {
				LastSwiftUpdateCheck = 0720;
				LastUpgradeCheck = 0720;
				ORGANIZATIONNAME = "Hasan Abdulhamid";
				TargetAttributes = {
					F4ADA0DC1C61995900CB7A92 = {
						CreatedOnToolsVersion = 7.2.1;
						DevelopmentTeam = 2A84XEQ9JZ;
					};
					F4ADA0F01C61995900CB7A92 = {
						CreatedOnToolsVersion = 7.2.1;
						TestTargetID = F4ADA0DC1C61995900CB7A92;
					};
					F4ADA0FB1C61995900CB7A92 = {
						CreatedOnToolsVersion = 7.2.1;
						TestTargetID = F4ADA0DC1C61995900CB7A92;
					};
				};
			};
			buildConfigurationList = F4ADA0D81C61995900CB7A92 /* Build configuration list for PBXProject "Pitch Perfect" */;
			compatibilityVersion = "Xcode 3.2";
			developmentRegion = English;
			hasScannedForEncodings = 0;
			knownRegions = (
				en,
				Base,
			);
			mainGroup = F4ADA0D41C61995900CB7A92;
			productRefGroup = F4ADA0DE1C61995900CB7A92 /* Products */;
			projectDirPath = "";
			projectRoot = "";
			targets = (
				F4ADA0DC1C61995900CB7A92 /* Pitch Perfect */,
				F4ADA0F01C61995900CB7A92 /* Pitch PerfectTests */,
				F4ADA0FB1C61995900CB7A92 /* Pitch PerfectUITests */,
			);
		};
/* End PBXProject section */

/* Begin PBXResourcesBuildPhase section */
		F4ADA0DB1C61995900CB7A92 /* Resources */ = {
			isa = PBXResourcesBuildPhase;
			buildActionMask = 2147483647;
			files = (
				F4ADA0EB1C61995900CB7A92 /* LaunchScreen.storyboard in Resources */,
				F4ADA0E81C61995900CB7A92 /* Assets.xcassets in Resources */,
				F4CD3B991C61CAF2002FE0D0 /* Main.storyboard in Resources */,
			);
			runOnlyForDeploymentPostprocessing = 0;
		};
		F4ADA0EF1C61995900CB7A92 /* Resources */ = {
			isa = PBXResourcesBuildPhase;
			buildActionMask = 2147483647;
			files = (
			);
			runOnlyForDeploymentPostprocessing = 0;
		};
		F4ADA0FA1C61995900CB7A92 /* Resources */ = {
			isa = PBXResourcesBuildPhase;
			buildActionMask = 2147483647;
			files = (
			);
			runOnlyForDeploymentPostprocessing = 0;
		};
/* End PBXResourcesBuildPhase section */

/* Begin PBXSourcesBuildPhase section */
		F4ADA0D91C61995900CB7A92 /* Sources */ = {
			isa = PBXSourcesBuildPhase;
			buildActionMask = 2147483647;
			files = (
				F4CD3B9B1C61D19D002FE0D0 /* RecordedAudio.swift in Sources */,
				F4ADA0E31C61995900CB7A92 /* RecordSoundsViewController.swift in Sources */,
				F4ADA1111C61A44E00CB7A92 /* PlaySoundsViewController.swift in Sources */,
				F4C34D2E1C6D63D6001E0FDE /* UIExtensions.swift in Sources */,
				F4ADA0E11C61995900CB7A92 /* AppDelegate.swift in Sources */,
			);
			runOnlyForDeploymentPostprocessing = 0;
		};
		F4ADA0ED1C61995900CB7A92 /* Sources */ = {
			isa = PBXSourcesBuildPhase;
			buildActionMask = 2147483647;
			files = (
				F4ADA0F61C61995900CB7A92 /* Pitch_PerfectTests.swift in Sources */,
			);
			runOnlyForDeploymentPostprocessing = 0;
		};
		F4ADA0F81C61995900CB7A92 /* Sources */ = {
			isa = PBXSourcesBuildPhase;
			buildActionMask = 2147483647;
			files = (
				F4ADA1011C61995900CB7A92 /* Pitch_PerfectUITests.swift in Sources */,
			);
			runOnlyForDeploymentPostprocessing = 0;
		};
/* End PBXSourcesBuildPhase section */

/* Begin PBXTargetDependency section */
		F4ADA0F31C61995900CB7A92 /* PBXTargetDependency */ = {
			isa = PBXTargetDependency;
			target = F4ADA0DC1C61995900CB7A92 /* Pitch Perfect */;
			targetProxy = F4ADA0F21C61995900CB7A92 /* PBXContainerItemProxy */;
		};
		F4ADA0FE1C61995900CB7A92 /* PBXTargetDependency */ = {
			isa = PBXTargetDependency;
			target = F4ADA0DC1C61995900CB7A92 /* Pitch Perfect */;
			targetProxy = F4ADA0FD1C61995900CB7A92 /* PBXContainerItemProxy */;
		};
/* End PBXTargetDependency section */

/* Begin PBXVariantGroup section */
		F4ADA0E91C61995900CB7A92 /* LaunchScreen.storyboard */ = {
			isa = PBXVariantGroup;
			children = (
				F4ADA0EA1C61995900CB7A92 /* Base */,
			);
			name = LaunchScreen.storyboard;
			sourceTree = "<group>";
		};
		F4CD3B971C61CAF2002FE0D0 /* Main.storyboard */ = {
			isa = PBXVariantGroup;
			children = (
				F4CD3B981C61CAF2002FE0D0 /* Base */,
			);
			name = Main.storyboard;
			path = ..;
			sourceTree = "<group>";
		};
/* End PBXVariantGroup section */

/* Begin XCBuildConfiguration section */
		F4ADA1031C61995900CB7A92 /* Debug */ = {
			isa = XCBuildConfiguration;
			buildSettings = {
				ALWAYS_SEARCH_USER_PATHS = NO;
				CLANG_CXX_LANGUAGE_STANDARD = "gnu++0x";
				CLANG_CXX_LIBRARY = "libc++";
				CLANG_ENABLE_MODULES = YES;
				CLANG_ENABLE_OBJC_ARC = YES;
				CLANG_WARN_BOOL_CONVERSION = YES;
				CLANG_WARN_CONSTANT_CONVERSION = YES;
				CLANG_WARN_DIRECT_OBJC_ISA_USAGE = YES_ERROR;
				CLANG_WARN_EMPTY_BODY = YES;
				CLANG_WARN_ENUM_CONVERSION = YES;
				CLANG_WARN_INT_CONVERSION = YES;
				CLANG_WARN_OBJC_ROOT_CLASS = YES_ERROR;
				CLANG_WARN_UNREACHABLE_CODE = YES;
				CLANG_WARN__DUPLICATE_METHOD_MATCH = YES;
				"CODE_SIGN_IDENTITY[sdk=iphoneos*]" = "iPhone Developer";
				COPY_PHASE_STRIP = NO;
				DEBUG_INFORMATION_FORMAT = dwarf;
				ENABLE_STRICT_OBJC_MSGSEND = YES;
				ENABLE_TESTABILITY = YES;
				GCC_C_LANGUAGE_STANDARD = gnu99;
				GCC_DYNAMIC_NO_PIC = NO;
				GCC_NO_COMMON_BLOCKS = YES;
				GCC_OPTIMIZATION_LEVEL = 0;
				GCC_PREPROCESSOR_DEFINITIONS = (
					"DEBUG=1",
					"$(inherited)",
				);
				GCC_WARN_64_TO_32_BIT_CONVERSION = YES;
				GCC_WARN_ABOUT_RETURN_TYPE = YES_ERROR;
				GCC_WARN_UNDECLARED_SELECTOR = YES;
				GCC_WARN_UNINITIALIZED_AUTOS = YES_AGGRESSIVE;
				GCC_WARN_UNUSED_FUNCTION = YES;
				GCC_WARN_UNUSED_VARIABLE = YES;
				IPHONEOS_DEPLOYMENT_TARGET = 9.2;
				MTL_ENABLE_DEBUG_INFO = YES;
				ONLY_ACTIVE_ARCH = YES;
				SDKROOT = iphoneos;
				SWIFT_OPTIMIZATION_LEVEL = "-Onone";
			};
			name = Debug;
		};
		F4ADA1041C61995900CB7A92 /* Release */ = {
			isa = XCBuildConfiguration;
			buildSettings = {
				ALWAYS_SEARCH_USER_PATHS = NO;
				CLANG_CXX_LANGUAGE_STANDARD = "gnu++0x";
				CLANG_CXX_LIBRARY = "libc++";
				CLANG_ENABLE_MODULES = YES;
				CLANG_ENABLE_OBJC_ARC = YES;
				CLANG_WARN_BOOL_CONVERSION = YES;
				CLANG_WARN_CONSTANT_CONVERSION = YES;
				CLANG_WARN_DIRECT_OBJC_ISA_USAGE = YES_ERROR;
				CLANG_WARN_EMPTY_BODY = YES;
				CLANG_WARN_ENUM_CONVERSION = YES;
				CLANG_WARN_INT_CONVERSION = YES;
				CLANG_WARN_OBJC_ROOT_CLASS = YES_ERROR;
				CLANG_WARN_UNREACHABLE_CODE = YES;
				CLANG_WARN__DUPLICATE_METHOD_MATCH = YES;
				"CODE_SIGN_IDENTITY[sdk=iphoneos*]" = "iPhone Developer";
				COPY_PHASE_STRIP = NO;
				DEBUG_INFORMATION_FORMAT = "dwarf-with-dsym";
				ENABLE_NS_ASSERTIONS = NO;
				ENABLE_STRICT_OBJC_MSGSEND = YES;
				GCC_C_LANGUAGE_STANDARD = gnu99;
				GCC_NO_COMMON_BLOCKS = YES;
				GCC_WARN_64_TO_32_BIT_CONVERSION = YES;
				GCC_WARN_ABOUT_RETURN_TYPE = YES_ERROR;
				GCC_WARN_UNDECLARED_SELECTOR = YES;
				GCC_WARN_UNINITIALIZED_AUTOS = YES_AGGRESSIVE;
				GCC_WARN_UNUSED_FUNCTION = YES;
				GCC_WARN_UNUSED_VARIABLE = YES;
				IPHONEOS_DEPLOYMENT_TARGET = 9.2;
				MTL_ENABLE_DEBUG_INFO = NO;
				SDKROOT = iphoneos;
				VALIDATE_PRODUCT = YES;
			};
			name = Release;
		};
		F4ADA1061C61995900CB7A92 /* Debug */ = {
			isa = XCBuildConfiguration;
			buildSettings = {
				ASSETCATALOG_COMPILER_APPICON_NAME = AppIcon;
				CODE_SIGN_IDENTITY = "iPhone Developer";
				"CODE_SIGN_IDENTITY[sdk=iphoneos*]" = "iPhone Developer";
				INFOPLIST_FILE = "Pitch Perfect/Info.plist";
				LD_RUNPATH_SEARCH_PATHS = "$(inherited) @executable_path/Frameworks";
				PRODUCT_BUNDLE_IDENTIFIER = "com.coolstuff.Pitch-Perfect";
				PRODUCT_NAME = "$(TARGET_NAME)";
				PROVISIONING_PROFILE = "";
			};
			name = Debug;
		};
		F4ADA1071C61995900CB7A92 /* Release */ = {
			isa = XCBuildConfiguration;
			buildSettings = {
				ASSETCATALOG_COMPILER_APPICON_NAME = AppIcon;
				CODE_SIGN_IDENTITY = "iPhone Developer";
				"CODE_SIGN_IDENTITY[sdk=iphoneos*]" = "iPhone Developer";
				INFOPLIST_FILE = "Pitch Perfect/Info.plist";
				LD_RUNPATH_SEARCH_PATHS = "$(inherited) @executable_path/Frameworks";
				PRODUCT_BUNDLE_IDENTIFIER = "com.coolstuff.Pitch-Perfect";
				PRODUCT_NAME = "$(TARGET_NAME)";
				PROVISIONING_PROFILE = "";
			};
			name = Release;
		};
		F4ADA1091C61995900CB7A92 /* Debug */ = {
			isa = XCBuildConfiguration;
			buildSettings = {
				BUNDLE_LOADER = "$(TEST_HOST)";
				INFOPLIST_FILE = "Pitch PerfectTests/Info.plist";
				LD_RUNPATH_SEARCH_PATHS = "$(inherited) @executable_path/Frameworks @loader_path/Frameworks";
				PRODUCT_BUNDLE_IDENTIFIER = "com.coolstuff.Pitch-PerfectTests";
				PRODUCT_NAME = "$(TARGET_NAME)";
				TEST_HOST = "$(BUILT_PRODUCTS_DIR)/Pitch Perfect.app/Pitch Perfect";
			};
			name = Debug;
		};
		F4ADA10A1C61995900CB7A92 /* Release */ = {
			isa = XCBuildConfiguration;
			buildSettings = {
				BUNDLE_LOADER = "$(TEST_HOST)";
				INFOPLIST_FILE = "Pitch PerfectTests/Info.plist";
				LD_RUNPATH_SEARCH_PATHS = "$(inherited) @executable_path/Frameworks @loader_path/Frameworks";
				PRODUCT_BUNDLE_IDENTIFIER = "com.coolstuff.Pitch-PerfectTests";
				PRODUCT_NAME = "$(TARGET_NAME)";
				TEST_HOST = "$(BUILT_PRODUCTS_DIR)/Pitch Perfect.app/Pitch Perfect";
			};
			name = Release;
		};
		F4ADA10C1C61995900CB7A92 /* Debug */ = {
			isa = XCBuildConfiguration;
			buildSettings = {
				INFOPLIST_FILE = "Pitch PerfectUITests/Info.plist";
				LD_RUNPATH_SEARCH_PATHS = "$(inherited) @executable_path/Frameworks @loader_path/Frameworks";
				PRODUCT_BUNDLE_IDENTIFIER = "com.coolstuff.Pitch-PerfectUITests";
				PRODUCT_NAME = "$(TARGET_NAME)";
				TEST_TARGET_NAME = "Pitch Perfect";
				USES_XCTRUNNER = YES;
			};
			name = Debug;
		};
		F4ADA10D1C61995900CB7A92 /* Release */ = {
			isa = XCBuildConfiguration;
			buildSettings = {
				INFOPLIST_FILE = "Pitch PerfectUITests/Info.plist";
				LD_RUNPATH_SEARCH_PATHS = "$(inherited) @executable_path/Frameworks @loader_path/Frameworks";
				PRODUCT_BUNDLE_IDENTIFIER = "com.coolstuff.Pitch-PerfectUITests";
				PRODUCT_NAME = "$(TARGET_NAME)";
				TEST_TARGET_NAME = "Pitch Perfect";
				USES_XCTRUNNER = YES;
			};
			name = Release;
		};
/* End XCBuildConfiguration section */

/* Begin XCConfigurationList section */
		F4ADA0D81C61995900CB7A92 /* Build configuration list for PBXProject "Pitch Perfect" */ = {
			isa = XCConfigurationList;
			buildConfigurations = (
				F4ADA1031C61995900CB7A92 /* Debug */,
				F4ADA1041C61995900CB7A92 /* Release */,
			);
			defaultConfigurationIsVisible = 0;
			defaultConfigurationName = Release;
		};
		F4ADA1051C61995900CB7A92 /* Build configuration list for PBXNativeTarget "Pitch Perfect" */ = {
			isa = XCConfigurationList;
			buildConfigurations = (
				F4ADA1061C61995900CB7A92 /* Debug */,
				F4ADA1071C61995900CB7A92 /* Release */,
			);
			defaultConfigurationIsVisible = 0;
			defaultConfigurationName = Release;
		};
		F4ADA1081C61995900CB7A92 /* Build configuration list for PBXNativeTarget "Pitch PerfectTests" */ = {
			isa = XCConfigurationList;
			buildConfigurations = (
				F4ADA1091C61995900CB7A92 /* Debug */,
				F4ADA10A1C61995900CB7A92 /* Release */,
			);
			defaultConfigurationIsVisible = 0;
			defaultConfigurationName = Release;
		};
		F4ADA10B1C61995900CB7A92 /* Build configuration list for PBXNativeTarget "Pitch PerfectUITests" */ = {
			isa = XCConfigurationList;
			buildConfigurations = (
				F4ADA10C1C61995900CB7A92 /* Debug */,
				F4ADA10D1C61995900CB7A92 /* Release */,
			);
			defaultConfigurationIsVisible = 0;
			defaultConfigurationName = Release;
		};
/* End XCConfigurationList section */
	};
	rootObject = F4ADA0D51C61995900CB7A92 /* Project object */;
}
